
Microsoft Visual Studio Solution File, Format Version 12.00
# Visual Studio Version 17
VisualStudioVersion = 17.5.002.0
MinimumVisualStudioVersion = 10.0.40219.1
Project("{9A19103F-16F7-4668-BE54-9A1E7A4F7556}") = "psparser", "psparser.csproj", "{1FAE8BA7-D14E-4557-BAF5-5D8598B86B31}"
EndProject
Global
	GlobalSection(SolutionConfigurationPlatforms) = preSolution
		Debug|Any CPU = Debug|Any CPU
		Release|Any CPU = Release|Any CPU
	EndGlobalSection
	GlobalSection(ProjectConfigurationPlatforms) = postSolution
		{1FAE8BA7-D14E-4557-BAF5-5D8598B86B31}.Debug|Any CPU.ActiveCfg = Debug|Any CPU
		{1FAE8BA7-D14E-4557-BAF5-5D8598B86B31}.Debug|Any CPU.Build.0 = Debug|Any CPU
		{1FAE8BA7-D14E-4557-BAF5-5D8598B86B31}.Release|Any CPU.ActiveCfg = Release|Any CPU
		{1FAE8BA7-D14E-4557-BAF5-5D8598B86B31}.Release|Any CPU.Build.0 = Release|Any CPU
	EndGlobalSection
	GlobalSection(SolutionProperties) = preSolution
		HideSolutionNode = FALSE
	EndGlobalSection
	GlobalSection(ExtensibilityGlobals) = postSolution
		SolutionGuid = {C63DD319-363A-441F-B024-3A028EA92BAF}
	EndGlobalSection
EndGlobal
